
Microsoft Visual Studio Solution File, Format Version 12.00
Project("{FAE04EC0-301F-11D3-BF4B-00C04F79EFBC}") = "Pi.OnePort.Db2", "Pi.OnePort.Db2\Pi.OnePort.Db2.csproj", "{2C4A19B1-EE67-40B7-A10F-1C44EA1420ED}"
EndProject
Project("{FAE04EC0-301F-11D3-BF4B-00C04F79EFBC}") = "Pi.OnePort.TCP", "Pi.OnePort.TCP\Pi.OnePort.TCP.csproj", "{5E32D4B1-F347-486C-A48E-E2D5BE3C164B}"
EndProject
Project("{FAE04EC0-301F-11D3-BF4B-00C04F79EFBC}") = "Pi.OnePort.API", "Pi.OnePort.API\Pi.OnePort.API.csproj", "{AC10E85C-29E1-4927-AA34-C58DCD4F3DDF}"
EndProject
Project("{FAE04EC0-301F-11D3-BF4B-00C04F79EFBC}") = "Pi.OnePort.API.Tests", "Pi.OnePort.API.Tests\Pi.OnePort.API.Tests.csproj", "{8E847F87-A195-4227-B321-28300FC5917A}"
EndProject
Project("{FAE04EC0-301F-11D3-BF4B-00C04F79EFBC}") = "Pi.OnePort.IntegrationEvents", "Pi.OnePort.IntegrationEvents\Pi.OnePort.IntegrationEvents.csproj", "{0D458640-3646-43D7-8437-78589F35FDDD}"
EndProject
Project("{FAE04EC0-301F-11D3-BF4B-00C04F79EFBC}") = "Pi.OnePort.TCP.API", "Pi.OnePort.TCP.API\Pi.OnePort.TCP.API.csproj", "{BAFCAEC1-1223-427F-8DF3-969771502F49}"
EndProject
Project("{2150E333-8FDC-42A3-9474-1A3956D46DE8}") = "Tests", "Tests", "{496A999E-C184-473A-BCC0-28D1753E1C9B}"
EndProject
Project("{FAE04EC0-301F-11D3-BF4B-00C04F79EFBC}") = "Pi.OnePort.TCP.API.Tests", "Pi.OnePort.TCP.API.Tests\Pi.OnePort.TCP.API.Tests.csproj", "{F1ABC16D-7798-4DC1-91FB-A6D196D82D5F}"
EndProject
Project("{FAE04EC0-301F-11D3-BF4B-00C04F79EFBC}") = "Pi.OnePort.TCP.Tests", "Pi.OnePort.TCP.Tests\Pi.OnePort.TCP.Tests.csproj", "{D29C08F2-EF47-4758-8A4E-C664F06974B5}"
EndProject
Global
	GlobalSection(SolutionConfigurationPlatforms) = preSolution
		Debug|Any CPU = Debug|Any CPU
		Release|Any CPU = Release|Any CPU
	EndGlobalSection
	GlobalSection(ProjectConfigurationPlatforms) = postSolution
		{2C4A19B1-EE67-40B7-A10F-1C44EA1420ED}.Debug|Any CPU.ActiveCfg = Debug|Any CPU
		{2C4A19B1-EE67-40B7-A10F-1C44EA1420ED}.Debug|Any CPU.Build.0 = Debug|Any CPU
		{2C4A19B1-EE67-40B7-A10F-1C44EA1420ED}.Release|Any CPU.ActiveCfg = Release|Any CPU
		{2C4A19B1-EE67-40B7-A10F-1C44EA1420ED}.Release|Any CPU.Build.0 = Release|Any CPU
		{5E32D4B1-F347-486C-A48E-E2D5BE3C164B}.Debug|Any CPU.ActiveCfg = Debug|Any CPU
		{5E32D4B1-F347-486C-A48E-E2D5BE3C164B}.Debug|Any CPU.Build.0 = Debug|Any CPU
		{5E32D4B1-F347-486C-A48E-E2D5BE3C164B}.Release|Any CPU.ActiveCfg = Release|Any CPU
		{5E32D4B1-F347-486C-A48E-E2D5BE3C164B}.Release|Any CPU.Build.0 = Release|Any CPU
		{AC10E85C-29E1-4927-AA34-C58DCD4F3DDF}.Debug|Any CPU.ActiveCfg = Debug|Any CPU
		{AC10E85C-29E1-4927-AA34-C58DCD4F3DDF}.Debug|Any CPU.Build.0 = Debug|Any CPU
		{AC10E85C-29E1-4927-AA34-C58DCD4F3DDF}.Release|Any CPU.ActiveCfg = Release|Any CPU
		{AC10E85C-29E1-4927-AA34-C58DCD4F3DDF}.Release|Any CPU.Build.0 = Release|Any CPU
		{8E847F87-A195-4227-B321-28300FC5917A}.Debug|Any CPU.ActiveCfg = Debug|Any CPU
		{8E847F87-A195-4227-B321-28300FC5917A}.Debug|Any CPU.Build.0 = Debug|Any CPU
		{8E847F87-A195-4227-B321-28300FC5917A}.Release|Any CPU.ActiveCfg = Release|Any CPU
		{8E847F87-A195-4227-B321-28300FC5917A}.Release|Any CPU.Build.0 = Release|Any CPU
		{0D458640-3646-43D7-8437-78589F35FDDD}.Debug|Any CPU.ActiveCfg = Debug|Any CPU
		{0D458640-3646-43D7-8437-78589F35FDDD}.Debug|Any CPU.Build.0 = Debug|Any CPU
		{0D458640-3646-43D7-8437-78589F35FDDD}.Release|Any CPU.ActiveCfg = Release|Any CPU
		{0D458640-3646-43D7-8437-78589F35FDDD}.Release|Any CPU.Build.0 = Release|Any CPU
		{BAFCAEC1-1223-427F-8DF3-969771502F49}.Debug|Any CPU.ActiveCfg = Debug|Any CPU
		{BAFCAEC1-1223-427F-8DF3-969771502F49}.Debug|Any CPU.Build.0 = Debug|Any CPU
		{BAFCAEC1-1223-427F-8DF3-969771502F49}.Release|Any CPU.ActiveCfg = Release|Any CPU
		{BAFCAEC1-1223-427F-8DF3-969771502F49}.Release|Any CPU.Build.0 = Release|Any CPU
		{F1ABC16D-7798-4DC1-91FB-A6D196D82D5F}.Debug|Any CPU.ActiveCfg = Debug|Any CPU
		{F1ABC16D-7798-4DC1-91FB-A6D196D82D5F}.Debug|Any CPU.Build.0 = Debug|Any CPU
		{F1ABC16D-7798-4DC1-91FB-A6D196D82D5F}.Release|Any CPU.ActiveCfg = Release|Any CPU
		{F1ABC16D-7798-4DC1-91FB-A6D196D82D5F}.Release|Any CPU.Build.0 = Release|Any CPU
		{D29C08F2-EF47-4758-8A4E-C664F06974B5}.Debug|Any CPU.ActiveCfg = Debug|Any CPU
		{D29C08F2-EF47-4758-8A4E-C664F06974B5}.Debug|Any CPU.Build.0 = Debug|Any CPU
		{D29C08F2-EF47-4758-8A4E-C664F06974B5}.Release|Any CPU.ActiveCfg = Release|Any CPU
		{D29C08F2-EF47-4758-8A4E-C664F06974B5}.Release|Any CPU.Build.0 = Release|Any CPU
	EndGlobalSection
	GlobalSection(NestedProjects) = preSolution
		{8E847F87-A195-4227-B321-28300FC5917A} = {496A999E-C184-473A-BCC0-28D1753E1C9B}
		{F1ABC16D-7798-4DC1-91FB-A6D196D82D5F} = {496A999E-C184-473A-BCC0-28D1753E1C9B}
		{D29C08F2-EF47-4758-8A4E-C664F06974B5} = {496A999E-C184-473A-BCC0-28D1753E1C9B}
	EndGlobalSection
EndGlobal
